{
  "name": "index",
  "version": "1.0.0",
  "lockfileVersion": 2,
  "requires": true,
  "packages": {
    "": {
      "name": "index",
      "version": "1.0.0",
      "license": "ISC",
      "dependencies": {
        "axios": "^0.21.1",
        "mp-storage": "^1.0.3",
        "vue-awesome-swiper": "^4.1.1",
        "vuex-persistedstate": "^4.0.0-beta.3"
      },
      "devDependencies": {
        "swiper": "^6.8.1"
      }
    },
    "node_modules/axios": {
      "version": "0.21.1",
      "resolved": "https://registry.npmjs.org/axios/-/axios-0.21.1.tgz",
      "integrity": "sha512-dKQiRHxGD9PPRIUNIWvZhPTPpl1rf/OxTYKsqKUDjBwYylTvV7SjSHJb9ratfyzM6wCdLCOYLzs73qpg5c4iGA==",
      "dependencies": {
        "follow-redirects": "^1.10.0"
      }
    },
    "node_modules/deepmerge": {
      "version": "4.2.2",
      "resolved": "https://registry.npmjs.org/deepmerge/-/deepmerge-4.2.2.tgz",
      "integrity": "sha512-FJ3UgI4gIl+PHZm53knsuSFpE+nESMr7M4v9QcgB7S63Kj/6WqMiFQJpBBYz1Pt+66bZpP3Q7Lye0Oo9MPKEdg==",
      "engines": {
        "node": ">=0.10.0"
      }
    },
    "node_modules/dom7": {
      "version": "3.0.0",
      "resolved": "https://registry.nlark.com/dom7/download/dom7-3.0.0.tgz",
      "integrity": "sha1-uGHOXWemvs16qjrQKUL/FLEkAzE=",
      "dependencies": {
        "ssr-window": "^3.0.0-alpha.1"
      }
    },
    "node_modules/follow-redirects": {
      "version": "1.14.1",
      "resolved": "https://registry.npmjs.org/follow-redirects/-/follow-redirects-1.14.1.tgz",
      "integrity": "sha512-HWqDgT7ZEkqRzBvc2s64vSZ/hfOceEol3ac/7tKwzuvEyWx3/4UegXh5oBOIotkGsObyk3xznnSRVADBgWSQVg==",
      "funding": [
        {
          "type": "individual",
          "url": "https://github.com/sponsors/RubenVerborgh"
        }
      ],
      "engines": {
        "node": ">=4.0"
      },
      "peerDependenciesMeta": {
        "debug": {
          "optional": true
        }
      }
    },
    "node_modules/mp-storage": {
      "version": "1.0.3",
      "resolved": "https://registry.npmjs.org/mp-storage/-/mp-storage-1.0.3.tgz",
      "integrity": "sha512-lee0FhLUPF3r1SQWMtibHFhKVU5LetPvTMTmL4S7CFXahBWVeyFGZQxppl6VZerr22mTe/A0PScx8WwqdbVRJg=="
    },
    "node_modules/shvl": {
      "version": "2.0.3",
      "resolved": "https://registry.npmjs.org/shvl/-/shvl-2.0.3.tgz",
      "integrity": "sha512-V7C6S9Hlol6SzOJPnQ7qzOVEWUQImt3BNmmzh40wObhla3XOYMe4gGiYzLrJd5TFa+cI2f9LKIRJTTKZSTbWgw=="
    },
    "node_modules/ssr-window": {
      "version": "3.0.0",
      "resolved": "https://registry.nlark.com/ssr-window/download/ssr-window-3.0.0.tgz",
      "integrity": "sha1-/VuCgBY4lD4MxwTEaRgBQ1r3rDc="
    },
    "node_modules/swiper": {
      "version": "6.8.1",
      "resolved": "https://registry.nlark.com/swiper/download/swiper-6.8.1.tgz",
      "integrity": "sha1-eaSO5ckQXBbVXaA16wJFzC9pbys=",
      "funding": [
        {
          "type": "patreon",
          "url": "https://www.patreon.com/vladimirkharlampidi"
        },
        {
          "type": "open_collective",
          "url": "http://opencollective.com/swiper"
        }
      ],
      "hasInstallScript": true,
      "dependencies": {
        "dom7": "^3.0.0",
        "ssr-window": "^3.0.0"
      },
      "engines": {
        "node": ">= 4.7.0"
      }
    },
    "node_modules/vue-awesome-swiper": {
      "version": "4.1.1",
      "resolved": "https://registry.npm.taobao.org/vue-awesome-swiper/download/vue-awesome-swiper-4.1.1.tgz",
      "integrity": "sha1-j3qyIa0AMCHXVrhqphj0KZJJAP4=",
      "engines": {
        "node": ">=8"
      },
      "peerDependencies": {
        "swiper": "^5.2.0",
        "vue": "2.x"
      }
    },
    "node_modules/vuex-persistedstate": {
      "version": "4.0.0-beta.3",
      "resolved": "https://registry.npmjs.org/vuex-persistedstate/-/vuex-persistedstate-4.0.0-beta.3.tgz",
      "integrity": "sha512-T4IRD27qoUWh+8qr6T6zVp15xO7x/nPgnU13OD0C2uUwA7U9PhGozrj6lvVmMYDyRgc36J0msMXn3GvwHjkIhA==",
      "dependencies": {
        "deepmerge": "^4.2.2",
        "shvl": "^2.0.2"
      },
      "peerDependencies": {
        "vuex": "^3.0 || ^4.0.0-rc"
      }
    }
  },
  "dependencies": {
    "axios": {
      "version": "0.21.1",
      "resolved": "https://registry.npmjs.org/axios/-/axios-0.21.1.tgz",
      "integrity": "sha512-dKQiRHxGD9PPRIUNIWvZhPTPpl1rf/OxTYKsqKUDjBwYylTvV7SjSHJb9ratfyzM6wCdLCOYLzs73qpg5c4iGA==",
      "requires": {
        "follow-redirects": "^1.10.0"
      }
    },
    "deepmerge": {
      "version": "4.2.2",
      "resolved": "https://registry.npmjs.org/deepmerge/-/deepmerge-4.2.2.tgz",
      "integrity": "sha512-FJ3UgI4gIl+PHZm53knsuSFpE+nESMr7M4v9QcgB7S63Kj/6WqMiFQJpBBYz1Pt+66bZpP3Q7Lye0Oo9MPKEdg=="
    },
    "dom7": {
      "version": "3.0.0",
      "resolved": "https://registry.nlark.com/dom7/download/dom7-3.0.0.tgz",
      "integrity": "sha1-uGHOXWemvs16qjrQKUL/FLEkAzE=",
      "requires": {
        "ssr-window": "^3.0.0-alpha.1"
      }
    },
    "follow-redirects": {
      "version": "1.14.1",
      "resolved": "https://registry.npmjs.org/follow-redirects/-/follow-redirects-1.14.1.tgz",
      "integrity": "sha512-HWqDgT7ZEkqRzBvc2s64vSZ/hfOceEol3ac/7tKwzuvEyWx3/4UegXh5oBOIotkGsObyk3xznnSRVADBgWSQVg=="
    },
    "mp-storage": {
      "version": "1.0.3",
      "resolved": "https://registry.npmjs.org/mp-storage/-/mp-storage-1.0.3.tgz",
      "integrity": "sha512-lee0FhLUPF3r1SQWMtibHFhKVU5LetPvTMTmL4S7CFXahBWVeyFGZQxppl6VZerr22mTe/A0PScx8WwqdbVRJg=="
    },
    "shvl": {
      "version": "2.0.3",
      "resolved": "https://registry.npmjs.org/shvl/-/shvl-2.0.3.tgz",
      "integrity": "sha512-V7C6S9Hlol6SzOJPnQ7qzOVEWUQImt3BNmmzh40wObhla3XOYMe4gGiYzLrJd5TFa+cI2f9LKIRJTTKZSTbWgw=="
    },
    "ssr-window": {
      "version": "3.0.0",
      "resolved": "https://registry.nlark.com/ssr-window/download/ssr-window-3.0.0.tgz",
      "integrity": "sha1-/VuCgBY4lD4MxwTEaRgBQ1r3rDc="
    },
    "swiper": {
      "version": "6.8.1",
      "resolved": "https://registry.nlark.com/swiper/download/swiper-6.8.1.tgz",
      "integrity": "sha1-eaSO5ckQXBbVXaA16wJFzC9pbys=",
      "requires": {
        "dom7": "^3.0.0",
        "ssr-window": "^3.0.0"
      }
    },
    "vue-awesome-swiper": {
      "version": "4.1.1",
      "resolved": "https://registry.npm.taobao.org/vue-awesome-swiper/download/vue-awesome-swiper-4.1.1.tgz",
      "integrity": "sha1-j3qyIa0AMCHXVrhqphj0KZJJAP4=",
      "requires": {}
    },
    "vuex-persistedstate": {
      "version": "4.0.0-beta.3",
      "resolved": "https://registry.npmjs.org/vuex-persistedstate/-/vuex-persistedstate-4.0.0-beta.3.tgz",
      "integrity": "sha512-T4IRD27qoUWh+8qr6T6zVp15xO7x/nPgnU13OD0C2uUwA7U9PhGozrj6lvVmMYDyRgc36J0msMXn3GvwHjkIhA==",
      "requires": {
        "deepmerge": "^4.2.2",
        "shvl": "^2.0.2"
      }
    }
  }
}
